{
  "name": "tp-05-salas-middleware",
  "version": "1.0.0",
  "lockfileVersion": 3,
  "requires": true,
  "packages": {
    "": {
      "name": "tp-05-salas-middleware",
      "version": "1.0.0",
      "dependencies": {
        "ejs": "^3.1.10",
        "express": "^5.1.0",
        "express-ejs-layouts": "^2.5.1",
        "morgan": "^1.10.0"
      }
    }
  }
}